<?xml version="1.0" encoding="UTF-8" standalone="yes" ?>
<CodeBlocks_project_file>
	<FileVersion major="1" minor="6" />
	<Project>
		<Option title="HeroSlayer" />
		<Option pch_mode="2" />
		<Option compiler="gcc" />
		<Build>
			<Target title="Debug">
				<Option output="bin/Debug/HeroSlayer" prefix_auto="1" extension_auto="1" />
				<Option object_output="obj/Debug/" />
				<Option type="1" />
				<Option compiler="gcc" />
				<Compiler>
					<Add option="-g" />
					<Add directory="src/Core" />
					<Add directory="src/Physics" />
					<Add directory="src/Graphics" />
					<Add directory="src/Operate" />
					<Add directory="src/Map" />
					<Add directory="src/Vendor/TinyXML" />
				</Compiler>
			</Target>
			<Target title="Release">
				<Option output="bin/Release/HeroSlayer" prefix_auto="1" extension_auto="1" />
				<Option object_output="obj/Release/" />
				<Option type="1" />
				<Option compiler="gcc" />
				<Compiler>
					<Add option="-O2" />
					<Add directory="src/Core" />
					<Add directory="Graphics" />
					<Add directory="src/Physics" />
					<Add directory="Characters" />
					<Add directory="src/Characters" />
					<Add directory="src/Operate" />
					<Add directory="src/Map" />
				</Compiler>
				<Linker>
					<Add option="-s" />
				</Linker>
			</Target>
		</Build>
		<Compiler>
			<Add option="-Wall" />
		</Compiler>
		<Unit filename="Main.cpp" />
		<Unit filename="src/Core/Engine.cpp" />
		<Unit filename="src/Core/Engine.h" />
		<Unit filename="src/Core/TextureManager.cpp" />
		<Unit filename="src/Core/TextureManager.h" />
		<Unit filename="src/Map/GameMap.h" />
		<Unit filename="src/Map/Layer.h" />
		<Unit filename="src/Map/MapParser.cpp" />
		<Unit filename="src/Map/MapParser.h" />
		<Unit filename="src/Map/TileLayer.cpp" />
		<Unit filename="src/Map/TileLayer.h" />
		<Unit filename="src/Operate/Animation.cpp" />
		<Unit filename="src/Operate/Animation.h" />
		<Unit filename="src/Operate/Camera.cpp" />
		<Unit filename="src/Operate/Camera.h" />
		<Unit filename="src/Operate/CollisionHandler.cpp" />
		<Unit filename="src/Operate/CollisionHandler.h" />
		<Unit filename="src/Operate/Input.cpp" />
		<Unit filename="src/Operate/Input.h" />
		<Unit filename="src/Operate/Timer.cpp" />
		<Unit filename="src/Operate/Timer.h" />
		<Unit filename="src/Operate/Warrior.cpp" />
		<Unit filename="src/Operate/Warrior.h" />
		<Unit filename="src/Physics/Point.h" />
		<Unit filename="src/Physics/Vector2D.h" />
		<Unit filename="src/Vendor/TinyXML/tinystr.cpp" />
		<Unit filename="src/Vendor/TinyXML/tinystr.h" />
		<Unit filename="src/Vendor/TinyXML/tinyxml.cpp" />
		<Unit filename="src/Vendor/TinyXML/tinyxml.h" />
		<Unit filename="src/Vendor/TinyXML/tinyxmlerror.cpp" />
		<Unit filename="src/Vendor/TinyXML/tinyxmlparser.cpp" />
		<Extensions>
			<lib_finder disable_auto="1" />
		</Extensions>
	</Project>
</CodeBlocks_project_file>
